
Microsoft Visual Studio Solution File, Format Version 12.00
# Visual Studio Version 16
VisualStudioVersion = 16.0.31321.278
MinimumVisualStudioVersion = 10.0.40219.1
Project("{FAE04EC0-301F-11D3-BF4B-00C04F79EFBC}") = "MethodExercise", "MethodExercise.csproj", "{92D385EE-C588-45F4-9A72-3EFDCD1E54F8}"
EndProject
Global
	GlobalSection(SolutionConfigurationPlatforms) = preSolution
		Debug|Any CPU = Debug|Any CPU
		Release|Any CPU = Release|Any CPU
	EndGlobalSection
	GlobalSection(ProjectConfigurationPlatforms) = postSolution
		{92D385EE-C588-45F4-9A72-3EFDCD1E54F8}.Debug|Any CPU.ActiveCfg = Debug|Any CPU
		{92D385EE-C588-45F4-9A72-3EFDCD1E54F8}.Debug|Any CPU.Build.0 = Debug|Any CPU
		{92D385EE-C588-45F4-9A72-3EFDCD1E54F8}.Release|Any CPU.ActiveCfg = Release|Any CPU
		{92D385EE-C588-45F4-9A72-3EFDCD1E54F8}.Release|Any CPU.Build.0 = Release|Any CPU
	EndGlobalSection
	GlobalSection(SolutionProperties) = preSolution
		HideSolutionNode = FALSE
	EndGlobalSection
	GlobalSection(ExtensibilityGlobals) = postSolution
		SolutionGuid = {FE0E19A1-BCF6-4B63-9143-CD9D67585F58}
	EndGlobalSection
EndGlobal
